
Microsoft Visual Studio Solution File, Format Version 12.00
# Visual Studio Version 17
VisualStudioVersion = 17.11.35222.181
MinimumVisualStudioVersion = 10.0.40219.1
Project("{FAE04EC0-301F-11D3-BF4B-00C04F79EFBC}") = "App", "App\App.csproj", "{87282A78-3D1A-4572-B9B1-7E549B259B04}"
EndProject
Global
	GlobalSection(SolutionConfigurationPlatforms) = preSolution
		Debug|Any CPU = Debug|Any CPU
		Release|Any CPU = Release|Any CPU
	EndGlobalSection
	GlobalSection(ProjectConfigurationPlatforms) = postSolution
		{87282A78-3D1A-4572-B9B1-7E549B259B04}.Debug|Any CPU.ActiveCfg = Debug|Any CPU
		{87282A78-3D1A-4572-B9B1-7E549B259B04}.Debug|Any CPU.Build.0 = Debug|Any CPU
		{87282A78-3D1A-4572-B9B1-7E549B259B04}.Release|Any CPU.ActiveCfg = Release|Any CPU
		{87282A78-3D1A-4572-B9B1-7E549B259B04}.Release|Any CPU.Build.0 = Release|Any CPU
	EndGlobalSection
	GlobalSection(SolutionProperties) = preSolution
		HideSolutionNode = FALSE
	EndGlobalSection
	GlobalSection(ExtensibilityGlobals) = postSolution
		SolutionGuid = {4F50ABAE-BAAF-4424-B7CF-C34EF702C55B}
	EndGlobalSection
EndGlobal
